// !$*UTF8*$!
{
	archiveVersion = 1;
	classes = {
	};
	objectVersion = 46;
	objects = {

/* Begin PBXBuildFile section */
		3304F1B21F590DF100D415BE /* mail.c in Sources */ = {isa = PBXBuildFile; fileRef = 3304F1B01F590DF100D415BE /* mail.c */; };
		3304F1B31F5914B800D415BE /* critical_section.c in Sources */ = {isa = PBXBuildFile; fileRef = 5ED2F55F1F5837F9004EA6A7 /* critical_section.c */; };
		33295B7C1FA9515100DFD0F8 /* peek_queue.c in Sources */ = {isa = PBXBuildFile; fileRef = 33295B7A1FA950E000DFD0F8 /* peek_queue.c */; };
		339438881F4D2FCC00790911 /* main.c in Sources */ = {isa = PBXBuildFile; fileRef = 339438871F4D2FCC00790911 /* main.c */; };
		3394389B1F4D2FDF00790911 /* delay_1s.c in Sources */ = {isa = PBXBuildFile; fileRef = 339438911F4D2FDF00790911 /* delay_1s.c */; };
		3394389C1F4D2FDF00790911 /* serial_out.c in Sources */ = {isa = PBXBuildFile; fileRef = 339438931F4D2FDF00790911 /* serial_out.c */; };
		3394389D1F4D2FDF00790911 /* test1A.c in Sources */ = {isa = PBXBuildFile; fileRef = 339438971F4D2FDF00790911 /* test1A.c */; };
		339DF3E11F75167500968E02 /* queue.c in Sources */ = {isa = PBXBuildFile; fileRef = 339DF3DF1F7514CD00968E02 /* queue.c */; };
		33A13F0C1F94673C00C2EACE /* byte_queue.c in Sources */ = {isa = PBXBuildFile; fileRef = 33A13F0A1F94647A00C2EACE /* byte_queue.c */; };
		33A13F0E1F97060700C2EACE /* oopc_eh.c in Sources */ = {isa = PBXBuildFile; fileRef = 33A13F0D1F97060700C2EACE /* oopc_eh.c */; };
		33AF7AD81FA2DC60003BA200 /* ooc.c in Sources */ = {isa = PBXBuildFile; fileRef = 33AF7AD71FA2DC60003BA200 /* ooc.c */; };
		33BAFC731FCBA1A700C09F18 /* peek_queue.h in Sources */ = {isa = PBXBuildFile; fileRef = 33295B7B1FA950E000DFD0F8 /* peek_queue.h */; };
		5E1C21081F7085F000F82AEF /* bind.c in Sources */ = {isa = PBXBuildFile; fileRef = 5E1C21061F7085F000F82AEF /* bind.c */; };
		5E1C210B1F71DCED00F82AEF /* delegate.c in Sources */ = {isa = PBXBuildFile; fileRef = 5E1C21091F71DCED00F82AEF /* delegate.c */; };
		5E1C210E1F7327B100F82AEF /* msg_block.c in Sources */ = {isa = PBXBuildFile; fileRef = 5E1C210C1F7327B100F82AEF /* msg_block.c */; };
		5ED2F55C1F508E00004EA6A7 /* event.c in Sources */ = {isa = PBXBuildFile; fileRef = 5ED2F55A1F508E00004EA6A7 /* event.c */; };
		5ED2F5641F585352004EA6A7 /* test4B.c in Sources */ = {isa = PBXBuildFile; fileRef = 5ED2F5621F584EDB004EA6A7 /* test4B.c */; };
/* End PBXBuildFile section */

/* Begin PBXCopyFilesBuildPhase section */
		339438821F4D2FCC00790911 /* CopyFiles */ = {
			isa = PBXCopyFilesBuildPhase;
			buildActionMask = 2147483647;
			dstPath = /usr/share/man/man1/;
			dstSubfolderSpec = 0;
			files = (
			);
			runOnlyForDeploymentPostprocessing = 1;
		};
/* End PBXCopyFilesBuildPhase section */

/* Begin PBXFileReference section */
		3304F1B01F590DF100D415BE /* mail.c */ = {isa = PBXFileReference; fileEncoding = 4; lastKnownFileType = sourcecode.c.c; path = mail.c; sourceTree = "<group>"; };
		3304F1B11F590DF100D415BE /* mail.h */ = {isa = PBXFileReference; fileEncoding = 4; lastKnownFileType = sourcecode.c.h; path = mail.h; sourceTree = "<group>"; };
		33295B781FA950E000DFD0F8 /* __protected_peek_queue.h */ = {isa = PBXFileReference; lastKnownFileType = sourcecode.c.h; path = __protected_peek_queue.h; sourceTree = "<group>"; };
		33295B791FA950E000DFD0F8 /* app_cfg.h */ = {isa = PBXFileReference; lastKnownFileType = sourcecode.c.h; path = app_cfg.h; sourceTree = "<group>"; };
		33295B7A1FA950E000DFD0F8 /* peek_queue.c */ = {isa = PBXFileReference; lastKnownFileType = sourcecode.c.c; path = peek_queue.c; sourceTree = "<group>"; };
		33295B7B1FA950E000DFD0F8 /* peek_queue.h */ = {isa = PBXFileReference; lastKnownFileType = sourcecode.c.h; path = peek_queue.h; sourceTree = "<group>"; };
		332A68AE1FB157D6007F3630 /* __common_peek_queue.h */ = {isa = PBXFileReference; lastKnownFileType = sourcecode.c.h; path = __common_peek_queue.h; sourceTree = "<group>"; };
		332A68AF1FB15E74007F3630 /* __common_byte_queue.h */ = {isa = PBXFileReference; lastKnownFileType = sourcecode.c.h; path = __common_byte_queue.h; sourceTree = "<group>"; };
		33363F191F50101A000346B6 /* test4A.c */ = {isa = PBXFileReference; fileEncoding = 4; lastKnownFileType = sourcecode.c.c; path = test4A.c; sourceTree = "<group>"; };
		33363F1A1F50101A000346B6 /* test4A.h */ = {isa = PBXFileReference; fileEncoding = 4; lastKnownFileType = sourcecode.c.h; path = test4A.h; sourceTree = "<group>"; };
		33363F1C1F50102C000346B6 /* app_cfg.h */ = {isa = PBXFileReference; lastKnownFileType = sourcecode.c.h; path = app_cfg.h; sourceTree = "<group>"; };
		3352EFCD1F8CAEE4006BCD20 /* t_pool.h */ = {isa = PBXFileReference; lastKnownFileType = sourcecode.c.h; path = t_pool.h; sourceTree = "<group>"; };
		339438841F4D2FCC00790911 /* training */ = {isa = PBXFileReference; explicitFileType = "compiled.mach-o.executable"; includeInIndex = 0; path = training; sourceTree = BUILT_PRODUCTS_DIR; };
		339438871F4D2FCC00790911 /* main.c */ = {isa = PBXFileReference; lastKnownFileType = sourcecode.c.c; path = main.c; sourceTree = "<group>"; };
		3394388E1F4D2FDF00790911 /* app_cfg.h */ = {isa = PBXFileReference; fileEncoding = 4; lastKnownFileType = sourcecode.c.h; path = app_cfg.h; sourceTree = "<group>"; };
		339438901F4D2FDF00790911 /* app_cfg.h */ = {isa = PBXFileReference; fileEncoding = 4; lastKnownFileType = sourcecode.c.h; path = app_cfg.h; sourceTree = "<group>"; };
		339438911F4D2FDF00790911 /* delay_1s.c */ = {isa = PBXFileReference; fileEncoding = 4; lastKnownFileType = sourcecode.c.c; path = delay_1s.c; sourceTree = "<group>"; };
		339438921F4D2FDF00790911 /* delay_1s.h */ = {isa = PBXFileReference; fileEncoding = 4; lastKnownFileType = sourcecode.c.h; path = delay_1s.h; sourceTree = "<group>"; };
		339438931F4D2FDF00790911 /* serial_out.c */ = {isa = PBXFileReference; fileEncoding = 4; lastKnownFileType = sourcecode.c.c; path = serial_out.c; sourceTree = "<group>"; };
		339438941F4D2FDF00790911 /* serial_out.h */ = {isa = PBXFileReference; fileEncoding = 4; lastKnownFileType = sourcecode.c.h; path = serial_out.h; sourceTree = "<group>"; };
		339438961F4D2FDF00790911 /* app_cfg.h */ = {isa = PBXFileReference; fileEncoding = 4; lastKnownFileType = sourcecode.c.h; path = app_cfg.h; sourceTree = "<group>"; };
		339438971F4D2FDF00790911 /* test1A.c */ = {isa = PBXFileReference; fileEncoding = 4; indentWidth = 4; lastKnownFileType = sourcecode.c.c; path = test1A.c; sourceTree = "<group>"; usesTabs = 0; wrapsLines = 0; };
		339438981F4D2FDF00790911 /* test1A.h */ = {isa = PBXFileReference; fileEncoding = 4; lastKnownFileType = sourcecode.c.h; path = test1A.h; sourceTree = "<group>"; };
		339438991F4D2FDF00790911 /* ooc.h */ = {isa = PBXFileReference; fileEncoding = 4; lastKnownFileType = sourcecode.c.h; path = ooc.h; sourceTree = "<group>"; };
		3394389A1F4D2FDF00790911 /* simple_fsm.h */ = {isa = PBXFileReference; fileEncoding = 4; lastKnownFileType = sourcecode.c.h; path = simple_fsm.h; sourceTree = "<group>"; };
		339DF3DE1F7514CD00968E02 /* app_cfg.h */ = {isa = PBXFileReference; lastKnownFileType = sourcecode.c.h; path = app_cfg.h; sourceTree = "<group>"; };
		339DF3DF1F7514CD00968E02 /* queue.c */ = {isa = PBXFileReference; lastKnownFileType = sourcecode.c.c; path = queue.c; sourceTree = "<group>"; };
		339DF3E01F7514CD00968E02 /* queue.h */ = {isa = PBXFileReference; lastKnownFileType = sourcecode.c.h; path = queue.h; sourceTree = "<group>"; };
		339DF4051F7B25D100968E02 /* __protected_queue.h */ = {isa = PBXFileReference; lastKnownFileType = sourcecode.c.h; path = __protected_queue.h; sourceTree = "<group>"; };
		33A13F061F944E6F00C2EACE /* oopc_eh.h */ = {isa = PBXFileReference; lastKnownFileType = sourcecode.c.h; path = oopc_eh.h; sourceTree = "<group>"; };
		33A13F081F94647A00C2EACE /* __protected_byte_queue.h */ = {isa = PBXFileReference; lastKnownFileType = sourcecode.c.h; path = __protected_byte_queue.h; sourceTree = "<group>"; };
		33A13F091F94647A00C2EACE /* app_cfg.h */ = {isa = PBXFileReference; lastKnownFileType = sourcecode.c.h; path = app_cfg.h; sourceTree = "<group>"; };
		33A13F0A1F94647A00C2EACE /* byte_queue.c */ = {isa = PBXFileReference; lastKnownFileType = sourcecode.c.c; path = byte_queue.c; sourceTree = "<group>"; };
		33A13F0B1F94647A00C2EACE /* byte_queue.h */ = {isa = PBXFileReference; lastKnownFileType = sourcecode.c.h; path = byte_queue.h; sourceTree = "<group>"; };
		33A13F0D1F97060700C2EACE /* oopc_eh.c */ = {isa = PBXFileReference; fileEncoding = 4; lastKnownFileType = sourcecode.c.c; path = oopc_eh.c; sourceTree = "<group>"; };
		33AF7AD61FA01630003BA200 /* __common_queue.h */ = {isa = PBXFileReference; lastKnownFileType = sourcecode.c.h; path = __common_queue.h; sourceTree = "<group>"; };
		33AF7AD71FA2DC60003BA200 /* ooc.c */ = {isa = PBXFileReference; fileEncoding = 4; lastKnownFileType = sourcecode.c.c; path = ooc.c; sourceTree = "<group>"; };
		5E1C21061F7085F000F82AEF /* bind.c */ = {isa = PBXFileReference; fileEncoding = 4; lastKnownFileType = sourcecode.c.c; path = bind.c; sourceTree = "<group>"; };
		5E1C21071F7085F000F82AEF /* bind.h */ = {isa = PBXFileReference; fileEncoding = 4; lastKnownFileType = sourcecode.c.h; path = bind.h; sourceTree = "<group>"; };
		5E1C21091F71DCED00F82AEF /* delegate.c */ = {isa = PBXFileReference; fileEncoding = 4; lastKnownFileType = sourcecode.c.c; path = delegate.c; sourceTree = "<group>"; };
		5E1C210A1F71DCED00F82AEF /* delegate.h */ = {isa = PBXFileReference; fileEncoding = 4; lastKnownFileType = sourcecode.c.h; path = delegate.h; sourceTree = "<group>"; };
		5E1C210C1F7327B100F82AEF /* msg_block.c */ = {isa = PBXFileReference; fileEncoding = 4; lastKnownFileType = sourcecode.c.c; path = msg_block.c; sourceTree = "<group>"; };
		5E1C210D1F7327B100F82AEF /* msg_block.h */ = {isa = PBXFileReference; fileEncoding = 4; lastKnownFileType = sourcecode.c.h; path = msg_block.h; sourceTree = "<group>"; };
		5ED2F55A1F508E00004EA6A7 /* event.c */ = {isa = PBXFileReference; fileEncoding = 4; lastKnownFileType = sourcecode.c.c; path = event.c; sourceTree = "<group>"; };
		5ED2F55B1F508E00004EA6A7 /* event.h */ = {isa = PBXFileReference; fileEncoding = 4; lastKnownFileType = sourcecode.c.h; path = event.h; sourceTree = "<group>"; };
		5ED2F55E1F5837F9004EA6A7 /* critical section.h */ = {isa = PBXFileReference; fileEncoding = 4; lastKnownFileType = sourcecode.c.h; path = "critical section.h"; sourceTree = "<group>"; };
		5ED2F55F1F5837F9004EA6A7 /* critical_section.c */ = {isa = PBXFileReference; fileEncoding = 4; lastKnownFileType = sourcecode.c.c; path = critical_section.c; sourceTree = "<group>"; };
		5ED2F5611F584EDB004EA6A7 /* app_cfg.h */ = {isa = PBXFileReference; lastKnownFileType = sourcecode.c.h; path = app_cfg.h; sourceTree = "<group>"; };
		5ED2F5621F584EDB004EA6A7 /* test4B.c */ = {isa = PBXFileReference; lastKnownFileType = sourcecode.c.c; path = test4B.c; sourceTree = "<group>"; };
		5ED2F5631F584EDB004EA6A7 /* test4B.h */ = {isa = PBXFileReference; lastKnownFileType = sourcecode.c.h; path = test4B.h; sourceTree = "<group>"; };
/* End PBXFileReference section */

/* Begin PBXFrameworksBuildPhase section */
		339438811F4D2FCC00790911 /* Frameworks */ = {
			isa = PBXFrameworksBuildPhase;
			buildActionMask = 2147483647;
			files = (
			);
			runOnlyForDeploymentPostprocessing = 0;
		};
/* End PBXFrameworksBuildPhase section */

/* Begin PBXGroup section */
		33295B771FA950E000DFD0F8 /* peek_queue */ = {
			isa = PBXGroup;
			children = (
				33295B791FA950E000DFD0F8 /* app_cfg.h */,
				33295B7A1FA950E000DFD0F8 /* peek_queue.c */,
				33295B7B1FA950E000DFD0F8 /* peek_queue.h */,
				33295B781FA950E000DFD0F8 /* __protected_peek_queue.h */,
				332A68AE1FB157D6007F3630 /* __common_peek_queue.h */,
			);
			path = peek_queue;
			sourceTree = "<group>";
		};
		333D6C9B1F5000AD008A56F6 /* test4A */ = {
			isa = PBXGroup;
			children = (
				33363F191F50101A000346B6 /* test4A.c */,
				33363F1A1F50101A000346B6 /* test4A.h */,
				33363F1C1F50102C000346B6 /* app_cfg.h */,
			);
			path = test4A;
			sourceTree = "<group>";
		};
		3394387B1F4D2FCC00790911 = {
			isa = PBXGroup;
			children = (
				339438861F4D2FCC00790911 /* training */,
				339438851F4D2FCC00790911 /* Products */,
			);
			sourceTree = "<group>";
		};
		339438851F4D2FCC00790911 /* Products */ = {
			isa = PBXGroup;
			children = (
				339438841F4D2FCC00790911 /* training */,
			);
			name = Products;
			sourceTree = "<group>";
		};
		339438861F4D2FCC00790911 /* training */ = {
			isa = PBXGroup;
			children = (
				339438991F4D2FDF00790911 /* ooc.h */,
				33AF7AD71FA2DC60003BA200 /* ooc.c */,
				33A13F061F944E6F00C2EACE /* oopc_eh.h */,
				33A13F0D1F97060700C2EACE /* oopc_eh.c */,
				339438931F4D2FDF00790911 /* serial_out.c */,
				339438941F4D2FDF00790911 /* serial_out.h */,
				3394389A1F4D2FDF00790911 /* simple_fsm.h */,
				3352EFCD1F8CAEE4006BCD20 /* t_pool.h */,
				3394388E1F4D2FDF00790911 /* app_cfg.h */,
				339438871F4D2FCC00790911 /* main.c */,
				3394388F1F4D2FDF00790911 /* delay */,
				333D6C9B1F5000AD008A56F6 /* test4A */,
				5ED2F5601F584EDB004EA6A7 /* test4B */,
				339DF3DD1F7514CD00968E02 /* queue */,
				339438951F4D2FDF00790911 /* test1A */,
				5ED2F55D1F5837F9004EA6A7 /* critical_section */,
				5ED2F55A1F508E00004EA6A7 /* event.c */,
				5ED2F55B1F508E00004EA6A7 /* event.h */,
				5E1C21061F7085F000F82AEF /* bind.c */,
				5E1C21071F7085F000F82AEF /* bind.h */,
				3304F1B01F590DF100D415BE /* mail.c */,
				3304F1B11F590DF100D415BE /* mail.h */,
				5E1C21091F71DCED00F82AEF /* delegate.c */,
				5E1C210A1F71DCED00F82AEF /* delegate.h */,
			);
			path = training;
			sourceTree = "<group>";
		};
		3394388F1F4D2FDF00790911 /* delay */ = {
			isa = PBXGroup;
			children = (
				339438901F4D2FDF00790911 /* app_cfg.h */,
				339438911F4D2FDF00790911 /* delay_1s.c */,
				339438921F4D2FDF00790911 /* delay_1s.h */,
			);
			path = delay;
			sourceTree = "<group>";
		};
		339438951F4D2FDF00790911 /* test1A */ = {
			isa = PBXGroup;
			children = (
				339438961F4D2FDF00790911 /* app_cfg.h */,
				339438971F4D2FDF00790911 /* test1A.c */,
				339438981F4D2FDF00790911 /* test1A.h */,
			);
			path = test1A;
			sourceTree = "<group>";
		};
		339DF3DD1F7514CD00968E02 /* queue */ = {
			isa = PBXGroup;
			children = (
				33295B771FA950E000DFD0F8 /* peek_queue */,
				33A13F071F94647A00C2EACE /* byte_queue */,
				339DF3DE1F7514CD00968E02 /* app_cfg.h */,
				339DF3DF1F7514CD00968E02 /* queue.c */,
				339DF3E01F7514CD00968E02 /* queue.h */,
				339DF4051F7B25D100968E02 /* __protected_queue.h */,
				33AF7AD61FA01630003BA200 /* __common_queue.h */,
			);
			path = queue;
			sourceTree = "<group>";
		};
		33A13F071F94647A00C2EACE /* byte_queue */ = {
			isa = PBXGroup;
			children = (
				33A13F091F94647A00C2EACE /* app_cfg.h */,
				33A13F0A1F94647A00C2EACE /* byte_queue.c */,
				33A13F0B1F94647A00C2EACE /* byte_queue.h */,
				33A13F081F94647A00C2EACE /* __protected_byte_queue.h */,
				332A68AF1FB15E74007F3630 /* __common_byte_queue.h */,
			);
			path = byte_queue;
			sourceTree = "<group>";
		};
		5ED2F55D1F5837F9004EA6A7 /* critical_section */ = {
			isa = PBXGroup;
			children = (
				5ED2F55E1F5837F9004EA6A7 /* critical section.h */,
				5ED2F55F1F5837F9004EA6A7 /* critical_section.c */,
			);
			path = critical_section;
			sourceTree = "<group>";
		};
		5ED2F5601F584EDB004EA6A7 /* test4B */ = {
			isa = PBXGroup;
			children = (
				5ED2F5611F584EDB004EA6A7 /* app_cfg.h */,
				5ED2F5621F584EDB004EA6A7 /* test4B.c */,
				5ED2F5631F584EDB004EA6A7 /* test4B.h */,
				5E1C210C1F7327B100F82AEF /* msg_block.c */,
				5E1C210D1F7327B100F82AEF /* msg_block.h */,
			);
			path = test4B;
			sourceTree = "<group>";
		};
/* End PBXGroup section */

/* Begin PBXNativeTarget section */
		339438831F4D2FCC00790911 /* training */ = {
			isa = PBXNativeTarget;
			buildConfigurationList = 3394388B1F4D2FCC00790911 /* Build configuration list for PBXNativeTarget "training" */;
			buildPhases = (
				339438801F4D2FCC00790911 /* Sources */,
				339438811F4D2FCC00790911 /* Frameworks */,
				339438821F4D2FCC00790911 /* CopyFiles */,
			);
			buildRules = (
			);
			dependencies = (
			);
			name = training;
			productName = training;
			productReference = 339438841F4D2FCC00790911 /* training */;
			productType = "com.apple.product-type.tool";
		};
/* End PBXNativeTarget section */

/* Begin PBXProject section */
		3394387C1F4D2FCC00790911 /* Project object */ = {
			isa = PBXProject;
			attributes = {
				LastUpgradeCheck = 0830;
				ORGANIZATIONNAME = zhaoli;
				TargetAttributes = {
					339438831F4D2FCC00790911 = {
						CreatedOnToolsVersion = 8.3.2;
						DevelopmentTeam = 2R6AR9B35M;
						ProvisioningStyle = Automatic;
					};
				};
			};
			buildConfigurationList = 3394387F1F4D2FCC00790911 /* Build configuration list for PBXProject "training" */;
			compatibilityVersion = "Xcode 3.2";
			developmentRegion = English;
			hasScannedForEncodings = 0;
			knownRegions = (
				en,
			);
			mainGroup = 3394387B1F4D2FCC00790911;
			productRefGroup = 339438851F4D2FCC00790911 /* Products */;
			projectDirPath = "";
			projectRoot = "";
			targets = (
				339438831F4D2FCC00790911 /* training */,
			);
		};
/* End PBXProject section */

/* Begin PBXSourcesBuildPhase section */
		339438801F4D2FCC00790911 /* Sources */ = {
			isa = PBXSourcesBuildPhase;
			buildActionMask = 2147483647;
			files = (
				33BAFC731FCBA1A700C09F18 /* peek_queue.h in Sources */,
				33295B7C1FA9515100DFD0F8 /* peek_queue.c in Sources */,
				33A13F0C1F94673C00C2EACE /* byte_queue.c in Sources */,
				33A13F0E1F97060700C2EACE /* oopc_eh.c in Sources */,
				339DF3E11F75167500968E02 /* queue.c in Sources */,
				33AF7AD81FA2DC60003BA200 /* ooc.c in Sources */,
				5E1C21081F7085F000F82AEF /* bind.c in Sources */,
				3304F1B31F5914B800D415BE /* critical_section.c in Sources */,
				5ED2F5641F585352004EA6A7 /* test4B.c in Sources */,
				5ED2F55C1F508E00004EA6A7 /* event.c in Sources */,
				5E1C210E1F7327B100F82AEF /* msg_block.c in Sources */,
				3394389C1F4D2FDF00790911 /* serial_out.c in Sources */,
				339438881F4D2FCC00790911 /* main.c in Sources */,
				3304F1B21F590DF100D415BE /* mail.c in Sources */,
				3394389B1F4D2FDF00790911 /* delay_1s.c in Sources */,
				5E1C210B1F71DCED00F82AEF /* delegate.c in Sources */,
				3394389D1F4D2FDF00790911 /* test1A.c in Sources */,
			);
			runOnlyForDeploymentPostprocessing = 0;
		};
/* End PBXSourcesBuildPhase section */

/* Begin XCBuildConfiguration section */
		339438891F4D2FCC00790911 /* Debug */ = {
			isa = XCBuildConfiguration;
			buildSettings = {
				ALWAYS_SEARCH_USER_PATHS = NO;
				CLANG_ANALYZER_NONNULL = YES;
				CLANG_ANALYZER_NUMBER_OBJECT_CONVERSION = YES_AGGRESSIVE;
				CLANG_CXX_LANGUAGE_STANDARD = "gnu++0x";
				CLANG_CXX_LIBRARY = "libc++";
				CLANG_ENABLE_MODULES = YES;
				CLANG_ENABLE_OBJC_ARC = YES;
				CLANG_WARN_BOOL_CONVERSION = YES;
				CLANG_WARN_CONSTANT_CONVERSION = YES;
				CLANG_WARN_DIRECT_OBJC_ISA_USAGE = YES_ERROR;
				CLANG_WARN_DOCUMENTATION_COMMENTS = YES;
				CLANG_WARN_EMPTY_BODY = YES;
				CLANG_WARN_ENUM_CONVERSION = YES;
				CLANG_WARN_INFINITE_RECURSION = YES;
				CLANG_WARN_INT_CONVERSION = YES;
				CLANG_WARN_OBJC_ROOT_CLASS = YES_ERROR;
				CLANG_WARN_SUSPICIOUS_MOVE = YES;
				CLANG_WARN_UNREACHABLE_CODE = YES;
				CLANG_WARN__DUPLICATE_METHOD_MATCH = YES;
				CODE_SIGN_IDENTITY = "-";
				COPY_PHASE_STRIP = NO;
				DEBUG_INFORMATION_FORMAT = dwarf;
				ENABLE_STRICT_OBJC_MSGSEND = YES;
				ENABLE_TESTABILITY = YES;
				GCC_C_LANGUAGE_STANDARD = gnu99;
				GCC_DYNAMIC_NO_PIC = NO;
				GCC_NO_COMMON_BLOCKS = YES;
				GCC_OPTIMIZATION_LEVEL = 0;
				GCC_PREPROCESSOR_DEFINITIONS = (
					"DEBUG=1",
					"$(inherited)",
				);
				GCC_WARN_64_TO_32_BIT_CONVERSION = YES;
				GCC_WARN_ABOUT_RETURN_TYPE = YES_ERROR;
				GCC_WARN_UNDECLARED_SELECTOR = YES;
				GCC_WARN_UNINITIALIZED_AUTOS = YES_AGGRESSIVE;
				GCC_WARN_UNUSED_FUNCTION = YES;
				GCC_WARN_UNUSED_VARIABLE = YES;
				MACOSX_DEPLOYMENT_TARGET = 10.12;
				MTL_ENABLE_DEBUG_INFO = YES;
				ONLY_ACTIVE_ARCH = YES;
				SDKROOT = macosx;
			};
			name = Debug;
		};
		3394388A1F4D2FCC00790911 /* Release */ = {
			isa = XCBuildConfiguration;
			buildSettings = {
				ALWAYS_SEARCH_USER_PATHS = NO;
				CLANG_ANALYZER_NONNULL = YES;
				CLANG_ANALYZER_NUMBER_OBJECT_CONVERSION = YES_AGGRESSIVE;
				CLANG_CXX_LANGUAGE_STANDARD = "gnu++0x";
				CLANG_CXX_LIBRARY = "libc++";
				CLANG_ENABLE_MODULES = YES;
				CLANG_ENABLE_OBJC_ARC = YES;
				CLANG_WARN_BOOL_CONVERSION = YES;
				CLANG_WARN_CONSTANT_CONVERSION = YES;
				CLANG_WARN_DIRECT_OBJC_ISA_USAGE = YES_ERROR;
				CLANG_WARN_DOCUMENTATION_COMMENTS = YES;
				CLANG_WARN_EMPTY_BODY = YES;
				CLANG_WARN_ENUM_CONVERSION = YES;
				CLANG_WARN_INFINITE_RECURSION = YES;
				CLANG_WARN_INT_CONVERSION = YES;
				CLANG_WARN_OBJC_ROOT_CLASS = YES_ERROR;
				CLANG_WARN_SUSPICIOUS_MOVE = YES;
				CLANG_WARN_UNREACHABLE_CODE = YES;
				CLANG_WARN__DUPLICATE_METHOD_MATCH = YES;
				CODE_SIGN_IDENTITY = "-";
				COPY_PHASE_STRIP = NO;
				DEBUG_INFORMATION_FORMAT = "dwarf-with-dsym";
				ENABLE_NS_ASSERTIONS = NO;
				ENABLE_STRICT_OBJC_MSGSEND = YES;
				GCC_C_LANGUAGE_STANDARD = gnu99;
				GCC_NO_COMMON_BLOCKS = YES;
				GCC_WARN_64_TO_32_BIT_CONVERSION = YES;
				GCC_WARN_ABOUT_RETURN_TYPE = YES_ERROR;
				GCC_WARN_UNDECLARED_SELECTOR = YES;
				GCC_WARN_UNINITIALIZED_AUTOS = YES_AGGRESSIVE;
				GCC_WARN_UNUSED_FUNCTION = YES;
				GCC_WARN_UNUSED_VARIABLE = YES;
				MACOSX_DEPLOYMENT_TARGET = 10.12;
				MTL_ENABLE_DEBUG_INFO = NO;
				SDKROOT = macosx;
			};
			name = Release;
		};
		3394388C1F4D2FCC00790911 /* Debug */ = {
			isa = XCBuildConfiguration;
			buildSettings = {
				DEVELOPMENT_TEAM = 2R6AR9B35M;
				GCC_C_LANGUAGE_STANDARD = c11;
				PRODUCT_NAME = "$(TARGET_NAME)";
			};
			name = Debug;
		};
		3394388D1F4D2FCC00790911 /* Release */ = {
			isa = XCBuildConfiguration;
			buildSettings = {
				DEVELOPMENT_TEAM = 2R6AR9B35M;
				GCC_C_LANGUAGE_STANDARD = c11;
				PRODUCT_NAME = "$(TARGET_NAME)";
			};
			name = Release;
		};
/* End XCBuildConfiguration section */

/* Begin XCConfigurationList section */
		3394387F1F4D2FCC00790911 /* Build configuration list for PBXProject "training" */ = {
			isa = XCConfigurationList;
			buildConfigurations = (
				339438891F4D2FCC00790911 /* Debug */,
				3394388A1F4D2FCC00790911 /* Release */,
			);
			defaultConfigurationIsVisible = 0;
			defaultConfigurationName = Release;
		};
		3394388B1F4D2FCC00790911 /* Build configuration list for PBXNativeTarget "training" */ = {
			isa = XCConfigurationList;
			buildConfigurations = (
				3394388C1F4D2FCC00790911 /* Debug */,
				3394388D1F4D2FCC00790911 /* Release */,
			);
			defaultConfigurationIsVisible = 0;
			defaultConfigurationName = Release;
		};
/* End XCConfigurationList section */
	};
	rootObject = 3394387C1F4D2FCC00790911 /* Project object */;
}
